{
    "_meta": {
        "hash": {
            "sha256": "82564c6264f3110b73d585e7a7851dd4503338f605d5c1171ede3adf5ed431dd"
        },
        "pipfile-spec": 6,
        "requires": {
            "python_version": "3.10"
        },
        "sources": [
            {
                "name": "pypi",
                "url": "https://pypi.org/simple",
                "verify_ssl": true
            }
        ]
    },
    "default": {
        "asgiref": {
            "hashes": [
                "sha256:1d2880b792ae8757289136f1db2b7b99100ce959b2aa57fd69dab783d05afac4",
                "sha256:4a29362a6acebe09bf1d6640db38c1dc3d9217c68e6f9f6204d72667fc19a424"
            ],
            "markers": "python_version >= '3.7'",
            "version": "==3.5.2"
        },
        "dj-database-url": {
            "hashes": [
                "sha256:ccf3e8718f75ddd147a1e212fca88eecdaa721759ee48e38b485481c77bca3dc",
                "sha256:cd354a3b7a9136d78d64c17b2aec369e2ae5616fbca6bfbe435ef15bb372ce39"
            ],
            "index": "pypi",
            "version": "==1.0.0"
        },
        "dj-rest-auth": {
            "hashes": [
                "sha256:c9a0dd9c79c33a2d4c723d1e4c1a60ab4657b6333aa2539b6781fe25a01c41b6"
            ],
            "index": "pypi",
            "version": "==2.2.5"
        },
        "django": {
            "hashes": [
                "sha256:a153ffd5143bf26a877bfae2f4ec736ebd8924a46600ca089ad96b54a1d4e28e",
                "sha256:acb21fac9275f9972d81c7caf5761a89ec3ea25fe74545dd26b8a48cb3a0203e"
            ],
            "index": "pypi",
            "version": "==4.1.1"
        },
        "django-filter": {
            "hashes": [
                "sha256:ed429e34760127e3520a67f415bec4c905d4649fbe45d0d6da37e6ff5e0287eb",
                "sha256:ed473b76e84f7e83b2511bb2050c3efb36d135207d0128dfe3ae4b36e3594ba5"
            ],
            "index": "pypi",
            "version": "==22.1"
        },
        "django-jazzmin": {
            "hashes": [
                "sha256:2ee5ea548e9d5d6cf6495025d006b063ecae84702304eb90c9c5ef37ba99078a",
                "sha256:6b9f9951eee41f60793a0d2f6f3d57213bd5605ddda7a106acb2bcdec4ef124e"
            ],
            "index": "pypi",
            "version": "==2.5.0"
        },
        "djangorestframework": {
            "hashes": [
                "sha256:0c33407ce23acc68eca2a6e46424b008c9c02eceb8cf18581921d0092bc1f2ee",
                "sha256:24c4bf58ed7e85d1fe4ba250ab2da926d263cd57d64b03e8dcef0ac683f8b1aa"
            ],
            "index": "pypi",
            "version": "==3.13.1"
        },
        "fontawesomefree": {
            "hashes": [
                "sha256:a76ff830e43cf3a8bdc9249a3570f02047696c6bdf118899221a340f238d87b4"
            ],
            "index": "pypi",
            "version": "==6.2.0"
        },
        "pymysql": {
            "hashes": [
                "sha256:41fc3a0c5013d5f039639442321185532e3e2c8924687abe6537de157d403641",
                "sha256:816927a350f38d56072aeca5dfb10221fe1dc653745853d30a216637f5d7ad36"
            ],
            "index": "pypi",
            "version": "==1.0.2"
        },
        "pytz": {
            "hashes": [
                "sha256:220f481bdafa09c3955dfbdddb7b57780e9a94f5127e35456a48589b9e0c0197",
                "sha256:cea221417204f2d1a2aa03ddae3e867921971d0d76f14d87abb4414415bbdcf5"
            ],
            "version": "==2022.2.1"
        },
        "sqlparse": {
            "hashes": [
                "sha256:0c00730c74263a94e5a9919ade150dfc3b19c574389985446148402998287dae",
                "sha256:48719e356bb8b42991bdbb1e8b83223757b93789c00910a616a071910ca4a64d"
            ],
            "markers": "python_version >= '3.5'",
            "version": "==0.4.2"
        }
    },
    "develop": {}
}
